
Microsoft Visual Studio Solution File, Format Version 12.00
# Visual Studio Version 17
VisualStudioVersion = 17.3.32804.467
MinimumVisualStudioVersion = 10.0.40219.1
Project("{FAE04EC0-301F-11D3-BF4B-00C04F79EFBC}") = "MatriculaEscolar", "MatriculaEscolar.csproj", "{83192C36-55B3-4440-A1B2-70FB96F33826}"
EndProject
Global
	GlobalSection(SolutionConfigurationPlatforms) = preSolution
		Debug|Any CPU = Debug|Any CPU
		Release|Any CPU = Release|Any CPU
	EndGlobalSection
	GlobalSection(ProjectConfigurationPlatforms) = postSolution
		{83192C36-55B3-4440-A1B2-70FB96F33826}.Debug|Any CPU.ActiveCfg = Debug|Any CPU
		{83192C36-55B3-4440-A1B2-70FB96F33826}.Debug|Any CPU.Build.0 = Debug|Any CPU
		{83192C36-55B3-4440-A1B2-70FB96F33826}.Release|Any CPU.ActiveCfg = Release|Any CPU
		{83192C36-55B3-4440-A1B2-70FB96F33826}.Release|Any CPU.Build.0 = Release|Any CPU
	EndGlobalSection
	GlobalSection(SolutionProperties) = preSolution
		HideSolutionNode = FALSE
	EndGlobalSection
	GlobalSection(ExtensibilityGlobals) = postSolution
		SolutionGuid = {6287BB65-EB9C-4D7D-9FF8-7BA76028B0E8}
	EndGlobalSection
EndGlobal
